lockfileVersion: '9.0'

settings:
  autoInstallPeers: true
  excludeLinksFromLockfile: false

importers:

  .:
    devDependencies:
      '@biomejs/biome':
        specifier: ^2.3.14
        version: 2.3.14
      '@girs/gjs':
        specifier: ^3.3.0
        version: 3.3.0
      '@girs/gnome-shell':
        specifier: 46.0.0-beta8
        version: 46.0.0-beta8
      '@types/node':
        specifier: ^25.2.0
        version: 25.2.0
      tsdown:
        specifier: ^0.20.1
        version: 0.20.1(typescript@5.4.5)
      typescript:
        specifier: ^5.4.5
        version: 5.4.5

packages:

  '@babel/generator@8.0.0-rc.1':
    resolution: {integrity: sha512-3ypWOOiC4AYHKr8vYRVtWtWmyvcoItHtVqF8paFax+ydpmUdPsJpLBkBBs5ItmhdrwC3a0ZSqqFAdzls4ODP3w==}
    engines: {node: ^20.19.0 || >=22.12.0}

  '@babel/helper-string-parser@8.0.0-rc.1':
    resolution: {integrity: sha512-vi/pfmbrOtQmqgfboaBhaCU50G7mcySVu69VU8z+lYoPPB6WzI9VgV7WQfL908M4oeSH5fDkmoupIqoE0SdApw==}
    engines: {node: ^20.19.0 || >=22.12.0}

  '@babel/helper-validator-identifier@8.0.0-rc.1':
    resolution: {integrity: sha512-I4YnARytXC2RzkLNVnf5qFNFMzp679qZpmtw/V3Jt2uGnWiIxyJtaukjG7R8pSx8nG2NamICpGfljQsogj+FbQ==}
    engines: {node: ^20.19.0 || >=22.12.0}

  '@babel/parser@8.0.0-rc.1':
    resolution: {integrity: sha512-6HyyU5l1yK/7h9Ki52i5h6mDAx4qJdiLQO4FdCyJNoB/gy3T3GGJdhQzzbZgvgZCugYBvwtQiWRt94QKedHnkA==}
    engines: {node: ^20.19.0 || >=22.12.0}
    hasBin: true

  '@babel/types@8.0.0-rc.1':
    resolution: {integrity: sha512-ubmJ6TShyaD69VE9DQrlXcdkvJbmwWPB8qYj0H2kaJi29O7vJT9ajSdBd2W8CG34pwL9pYA74fi7RHC1qbLoVQ==}
    engines: {node: ^20.19.0 || >=22.12.0}

  '@biomejs/biome@2.3.14':
    resolution: {integrity: sha512-QMT6QviX0WqXJCaiqVMiBUCr5WRQ1iFSjvOLoTk6auKukJMvnMzWucXpwZB0e8F00/1/BsS9DzcKgWH+CLqVuA==}
    engines: {node: '>=14.21.3'}
    hasBin: true

  '@biomejs/cli-darwin-arm64@2.3.14':
    resolution: {integrity: sha512-UJGPpvWJMkLxSRtpCAKfKh41Q4JJXisvxZL8ChN1eNW3m/WlPFJ6EFDCE7YfUb4XS8ZFi3C1dFpxUJ0Ety5n+A==}
    engines: {node: '>=14.21.3'}
    cpu: [arm64]
    os: [darwin]

  '@biomejs/cli-darwin-x64@2.3.14':
    resolution: {integrity: sha512-PNkLNQG6RLo8lG7QoWe/hhnMxJIt1tEimoXpGQjwS/dkdNiKBLPv4RpeQl8o3s1OKI3ZOR5XPiYtmbGGHAOnLA==}
    engines: {node: '>=14.21.3'}
    cpu: [x64]
    os: [darwin]

  '@biomejs/cli-linux-arm64-musl@2.3.14':
    resolution: {integrity: sha512-LInRbXhYujtL3sH2TMCH/UBwJZsoGwfQjBrMfl84CD4hL/41C/EU5mldqf1yoFpsI0iPWuU83U+nB2TUUypWeg==}
    engines: {node: '>=14.21.3'}
    cpu: [arm64]
    os: [linux]
    libc: [musl]

  '@biomejs/cli-linux-arm64@2.3.14':
    resolution: {integrity: sha512-KT67FKfzIw6DNnUNdYlBg+eU24Go3n75GWK6NwU4+yJmDYFe9i/MjiI+U/iEzKvo0g7G7MZqoyrhIYuND2w8QQ==}
    engines: {node: '>=14.21.3'}
    cpu: [arm64]
    os: [linux]
    libc: [glibc]

  '@biomejs/cli-linux-x64-musl@2.3.14':
    resolution: {integrity: sha512-KQU7EkbBBuHPW3/rAcoiVmhlPtDSGOGRPv9js7qJVpYTzjQmVR+C9Rfcz+ti8YCH+zT1J52tuBybtP4IodjxZQ==}
    engines: {node: '>=14.21.3'}
    cpu: [x64]
    os: [linux]
    libc: [musl]

  '@biomejs/cli-linux-x64@2.3.14':
    resolution: {integrity: sha512-ZsZzQsl9U+wxFrGGS4f6UxREUlgHwmEfu1IrXlgNFrNnd5Th6lIJr8KmSzu/+meSa9f4rzFrbEW9LBBA6ScoMA==}
    engines: {node: '>=14.21.3'}
    cpu: [x64]
    os: [linux]
    libc: [glibc]

  '@biomejs/cli-win32-arm64@2.3.14':
    resolution: {integrity: sha512-+IKYkj/pUBbnRf1G1+RlyA3LWiDgra1xpS7H2g4BuOzzRbRB+hmlw0yFsLprHhbbt7jUzbzAbAjK/Pn0FDnh1A==}
    engines: {node: '>=14.21.3'}
    cpu: [arm64]
    os: [win32]

  '@biomejs/cli-win32-x64@2.3.14':
    resolution: {integrity: sha512-oizCjdyQ3WJEswpb3Chdngeat56rIdSYK12JI3iI11Mt5T5EXcZ7WLuowzEaFPNJ3zmOQFliMN8QY1Pi+qsfdQ==}
    engines: {node: '>=14.21.3'}
    cpu: [x64]
    os: [win32]

  '@emnapi/core@1.8.1':
    resolution: {integrity: sha512-AvT9QFpxK0Zd8J0jopedNm+w/2fIzvtPKPjqyw9jwvBaReTTqPBk9Hixaz7KbjimP+QNz605/XnjFcDAL2pqBg==}

  '@emnapi/runtime@1.8.1':
    resolution: {integrity: sha512-mehfKSMWjjNol8659Z8KxEMrdSJDDot5SXMq00dM8BN4o+CLNXQ0xH2V7EchNHV4RmbZLmmPdEaXZc5H2FXmDg==}

  '@emnapi/wasi-threads@1.1.0':
    resolution: {integrity: sha512-WI0DdZ8xFSbgMjR1sFsKABJ/C5OnRrjT06JXbZKexJGrDuPTzZdDYfFlsgcCXCyf+suG5QU2e/y1Wo2V/OapLQ==}

  '@girs/accountsservice-1.0@1.0.0-4.0.0-beta.5':
    resolution: {integrity: sha512-+l+kEv7a54o8jMDtftOmOpOl0bG+2rLVaCf1LqQDyLeGe74tpVCeCGre4g27VyC4KI6dh5Tp2kOnzx4u4Q1+bw==}

  '@girs/adw-1@1.5.0-4.0.0-beta.5':
    resolution: {integrity: sha512-bIndXhtH0jXL1che7tsfkdQd0rU0pnXuQTag/zeTSlVwOmkCF8RFASN96bHChK/npFaFQJ2psAu3L63sPob+3g==}

  '@girs/atk-1.0@2.52.0-4.0.0-beta.5':
    resolution: {integrity: sha512-C0yQT7hyE3rsN+N/e0/msCj7vsOA4v34y1pSCm5hcy7HxuczdRpOca1TTupuXWWlZyqUhuBp3QIO4EbaFD6hdg==}

  '@girs/cairo-1.0@1.0.0-4.0.0-beta.5':
    resolution: {integrity: sha512-mGveki+ZJxSSxMzXbocScImDBAIEVZ6YmCKOzqHnJctQJTr2crKCFEQPNx7iNBCgGDOH2/0htJX12axGxMm1Gg==}

  '@girs/cally-14@14.0.0-4.0.0-beta.5':
    resolution: {integrity: sha512-twuuvpSjCw0rEC0YqT/t8fvm5wxC6hBmOLPBHH8VklYR7QeJQIWv+YjKG2DaW9T3UdLUsNoxaibXU5bTI3rCaQ==}

  '@girs/clutter-14@14.0.0-4.0.0-beta.5':
    resolution: {integrity: sha512-++JshZ+KQzhZXxFJ0HUh4iar+BPq+JwJT3XjlZnMG6ts5oio1P2eB44vlXfPCpurYF86bg7tR5Qrh0EFL0LfuQ==}

  '@girs/cogl-14@14.0.0-4.0.0-beta.5':
    resolution: {integrity: sha512-bs1LTwdc5pYVyvqb2p9oKe438ePwDPGEfcdsk+lVl7t9Bm745LuqzTjAFi+Pr9hLZ+8FJbux+ToMPma14byB4w==}

  '@girs/cogl-2.0@2.0.0-4.0.0-beta.5':
    resolution: {integrity: sha512-ptAuNOzvsxy5R6hkt5ngJ/Nc+jWSGiXB933n1I+tSNBhp8sM1xAbwcyl+kFULEfHK0YN86bwgMSthpm2gXXMpg==}

  '@girs/coglpango-14@14.0.0-4.0.0-beta.5':
    resolution: {integrity: sha512-cBvj3NbYunTtxEHKjNz4cFoehxMhLUP3MaTnw//EUjMN4J2U304AY2y6598H1bhb8oYaUykD1LeM70G594lnhw==}

  '@girs/freetype2-2.0@2.0.0-4.0.0-beta.5':
    resolution: {integrity: sha512-tswYFpTtC5B53uNGIL9Rpjp54xm5xDKFGFf9NCZjz8gl//u5qIaHCQQEwe1F+lQluIUkB66y4xQiQPGrlkF0Vg==}

  '@girs/gck-2@4.3.0-4.0.0-beta.5':
    resolution: {integrity: sha512-9IOKVDL563D2Flwjg93/G7ZE+q5R55NsNeExX7orxcrBmGo1YooGecxYY/cki9wXAOT1diC0fAlnHKgXjVlOow==}

  '@girs/gcr-4@4.3.0-4.0.0-beta.5':
    resolution: {integrity: sha512-XFqhEyrhN/NDn5fzBMMOXofYXeQ6p5uTK0D0IXa2mIOvVu1EOxOzgtNGt/SiUum4lTtJvIpyVR86tqLIpGtwmw==}

  '@girs/gdesktopenums-3.0@3.0.0-4.0.0-beta.5':
    resolution: {integrity: sha512-drgYbHExoCrwgv5YWsJ2uiogYxS89j6Szlkvtvj4g4Z0BSvM5yh+21LYZfvUGQ2GnpzfQUjEFAMPqlDy4LWI7g==}

  '@girs/gdk-4.0@4.0.0-4.0.0-beta.5':
    resolution: {integrity: sha512-wgGXwLyLsFmHgEbZ+oXChUVveR8Mu4jd5aZaRVaYOJ67Ff9V8Azt0ZKShqqQgx/D4bW6Kh0+WDplCuMMNNTeFg==}

  '@girs/gdkpixbuf-2.0@2.0.0-4.0.0-beta.5':
    resolution: {integrity: sha512-Jwt9sZHOvvkwAZ1aba6wuHIJm9KzKDWPKedSfsFe8eWQ3BugI6zuoOxK+KHu8RDSstogp5i2FGdzQJGn32Xaqg==}

  '@girs/gdm-1.0@1.0.0-4.0.0-beta.5':
    resolution: {integrity: sha512-PqadM1Bw2MGZf2Er60o8H0iodY4ZtCBa+JOjmrbGt9P/Mi4q1ouPeQaDUjyExM+tycvo51Xf3GMo7Ztg4JOBRw==}

  '@girs/gio-2.0@2.80.0-4.0.0-beta.5':
    resolution: {integrity: sha512-536nFvNyOD8PupjWdr1HtZn46+8FsOWKagd5RlJuhiZwOR5QGp47Wv9MBzB0wayrhzt7ik1ZYtnnYGNvK4gvug==}

  '@girs/gjs@3.3.0':
    resolution: {integrity: sha512-5cQaouORn53vLM+cFAEOzJuzcm47eH86R2OGUgrHIL4KT7sEm+BKkhqlI67m+iJUMl/I72P2Hfe+Am4jl0YxlQ==}

  '@girs/gjs@4.0.0-beta.5':
    resolution: {integrity: sha512-5qwzo/jtT2mmUiGha3p+OwMXqFORQWItrGuHgmEJ5NLuo08ht210bL89XsdoRUJ7ZvhxxFKmbACjN8pOMjlBqg==}

  '@girs/gl-1.0@1.0.0-4.0.0-beta.5':
    resolution: {integrity: sha512-yN95/6ldUBBhnyGtR+ibP8FazxUww2X5Sm0BLSRnurhd832E3JoCTR6JVK2RKCNXYTqAMYsb2JmdcwjqmEwBtQ==}

  '@girs/glib-2.0@2.78.0-3.3.0':
    resolution: {integrity: sha512-XuoKuOm9aNVou+yWtlbcwEcNI7v1gCJUBQboPlZxft+o9CnP2FmwRntqZnfhZepGmLbASMA8Ow5iEL8glNwVsw==}

  '@girs/glib-2.0@2.80.0-4.0.0-beta.5':
    resolution: {integrity: sha512-gu/5ZWT7OwYp0S/EvfBZLtHttcfnTYzPo1Dp1gA/7xahLPvYPhlr0Uxb3IjQvvBMbqE9vsxxqVfqHUkkdfZw0Q==}

  '@girs/gmodule-2.0@2.0.0-4.0.0-beta.5':
    resolution: {integrity: sha512-C/Vu0BmVyBDEYX3W9v7SmVpoC+1fjUqngEH/6TeI2uPPDyBPuVPSNlgA+Hd3qsACjJa4RDE6DVqdsoG2s2mAHQ==}

  '@girs/gnome-shell@46.0.0-beta8':
    resolution: {integrity: sha512-Iv87SDL/OoG/GNL+qb4gNEBAk6YI7XJOXkQs73quZpy0qUXj6BOfa9E4GmNMCFZIItSv1egckRKUuowdfk0gPA==}

  '@girs/gnomebg-4.0@4.0.0-4.0.0-beta.5':
    resolution: {integrity: sha512-Q8h0PLBLsoAy9eclH92C6Xc7C+6RbgpLb9M6yT5cigpCn7UBpGsXHYQ6ixVO9k9htfheLPqhaTEfb8gPAjyw8A==}

  '@girs/gnomebluetooth-3.0@3.0.0-4.0.0-beta.5':
    resolution: {integrity: sha512-AfDig4Ta2fhcu7/ggA7Wje8iyg+gQsQ135wu7caaI/19G2+6PPbu0ZoMBcFJ2tiGpUYEd7DIaF7EnTPaMeootw==}

  '@girs/gnomedesktop-4.0@4.0.0-4.0.0-beta.5':
    resolution: {integrity: sha512-FnYd5DQFDOIc7XFajKGbv2zrbVpkkqzJh2yhrpvdXbkvtx5ZYABRPynXVJym3nYXreKuECmPTFYk9lLMxYnNdw==}

  '@girs/gobject-2.0@2.78.0-3.3.0':
    resolution: {integrity: sha512-s6IpE1o9uAf8kZgncWjdYerErhWXgszIFHXEvvyKR8csI36SFD730CqJRiCepP2okoJmD0Vi3jrnuq5jb8wIMA==}

  '@girs/gobject-2.0@2.80.0-4.0.0-beta.5':
    resolution: {integrity: sha512-KSEGFvcKJr5TqrvA6JgtJ5ywTeXZABCCWDcf+/SEBocKZBUZySAeh/PA9kN7o9AktcESJVYo0v7BRQQluwBWTg==}

  '@girs/graphene-1.0@1.0.0-4.0.0-beta.5':
    resolution: {integrity: sha512-0+Ve2tLKnBGBwhvn6/nXuMdBeMmU8iTS97mW8q3NvO30UI4g2uA4gd5gX6/YQ9Lxwrktc2eVfEdK57u0alwTtg==}

  '@girs/gsk-4.0@4.0.0-4.0.0-beta.5':
    resolution: {integrity: sha512-D0noQvI/SJ7jEh8JFknacNcC0gDOX/ckRk8LITSKSkQAPWG3zeMbrvH954VwkUoPRPDNHo/k457p5AV4y1j0ig==}

  '@girs/gtk-4.0@4.14.3-4.0.0-beta.5':
    resolution: {integrity: sha512-7tl5JaGmnNhRzz/5SX17b60QfXEhG/o783+GPW4UMdqH5Wqm1woKMfgpL22w6MWrSDCuBNp2DzUnlFjVuj2XgQ==}

  '@girs/gvc-1.0@1.0.0-4.0.0-beta.5':
    resolution: {integrity: sha512-aeIuw8U6b/sRcmsA7NZJxJoFUGOlPUbyGOlEaFS3QGyfI7LqhIBkv9ZBT9IVgyoOIKoEMqFeJr1Q3C/C3TnGkA==}

  '@girs/harfbuzz-0.0@8.3.1-4.0.0-beta.5':
    resolution: {integrity: sha512-cz8NrQ0XRdJRanCZq8TVdevc3IgzISQnr1ZGXv+g49bFJecvef5zW3NWdWhPI7MDjPIgHQB77L32NQyzCjyTyg==}

  '@girs/meta-14@14.0.0-4.0.0-beta.5':
    resolution: {integrity: sha512-eI3KV8KyB2XhVq9iqp6YP2c2x3LNsvjSJFH4oJmQpM67G7Ht8D+incE0uslw+anye2/8zJfNbwA+OgtIKTODig==}

  '@girs/mtk-14@14.0.0-4.0.0-beta.5':
    resolution: {integrity: sha512-++d1YdizyiQy5K2zx1ohBzc92Vs1P7hSj7zmVPD7y4SRVAw7070izVMYbZY5LlzetUhRacDW242R1p/UUHYNsw==}

  '@girs/nm-1.0@1.46.0-4.0.0-beta.5':
    resolution: {integrity: sha512-PXQS1tvE+ZTxwV/Xv97UsTsbD0JGOImXdr8MWOJHnWNGd4Bz/dxdv+krcqhUC0POO96PRjz7RpJjKcU53lGxBw==}

  '@girs/pango-1.0@1.52.2-4.0.0-beta.5':
    resolution: {integrity: sha512-K8207mlcKFG2j3hchiXu0p1doVRCqiyzfWtEXiI/VPwwbPJJfWa/JGDWKW+cn03lQ+UnV1tkA611qAZtjg2BSw==}

  '@girs/pangocairo-1.0@1.0.0-4.0.0-beta.5':
    resolution: {integrity: sha512-sHkKR86sQ2ueVaq9Z0kjVL8BiIl0QHLfgeLVxooeqtaXZ1sJtGzcp0rLBNmbUJJ+mRWNnEMSESSRgUIMNL2gSA==}

  '@girs/polkit-1.0@1.0.0-4.0.0-beta.5':
    resolution: {integrity: sha512-uKJtq15olLqTKZXSwcPMuhDrN97VmJG0t6vAyCr0UdLkWXooi1r1ID1kby5arU5bWM1KtXLlLxDt3YFrdAG0Ig==}

  '@girs/polkitagent-1.0@1.0.0-4.0.0-beta.5':
    resolution: {integrity: sha512-FoFyUCnHof7NmsgowGq5KF+hXNagzZqc7J0k0OT1zhSHyU6XeBiOQBbdusB/SuR9CKT4qmGZFY9GUs9lMoLmRw==}

  '@girs/shell-14@14.0.0-4.0.0-beta.5':
    resolution: {integrity: sha512-TUGbR7V3xOY57aBDHf/hEh5SZosf/3pS3waq7BlRciWEZgiS4bQAPJJEqBsLvaZNjFw7YDX+CoHPmQA0h/eiEQ==}

  '@girs/shew-0@0.0.0-4.0.0-beta.5':
    resolution: {integrity: sha512-GJOgQ28CCdnRljM44WNIlrdrpaDelu4tT1fdnCuOm9O054pnaRXHhd+ju4OsOOIHgX79TRrBAFPsePkvL+I4tA==}

  '@girs/st-14@14.0.0-4.0.0-beta.5':
    resolution: {integrity: sha512-77IH1fhWvAbDWNtIwqX0+OsRWs0+a5WnSYs0BeCtwQ3cyv7orUnmdE/zsaBIcbGXndL07fCbODSVfYW1XM2VhA==}

  '@girs/upowerglib-1.0@1.90.2-4.0.0-beta.4':
    resolution: {integrity: sha512-WyIPHUV30IkNY1Z61hTTWlPqnDNuHltjPOFevsF3axYRgxWzwZVErZI1IRo0xnaEPbKhkGbqLFqI/IpQ43YTOA==}

  '@girs/xfixes-4.0@4.0.0-4.0.0-beta.5':
    resolution: {integrity: sha512-iBaLCC1e4Fl0gx4WMcL6OE1bZEmuNMJHiTaJzX38vxiPad+35fICKi0toOY7lnoFB/UiMAF9+CvNVKEOFtGgPQ==}

  '@girs/xlib-2.0@2.0.0-4.0.0-beta.5':
    resolution: {integrity: sha512-kAGziukb0/ljOMcxGy28ZXYApokPgwMM+WObF36Xmp7bZ+V/a/RGkLVlFeC/MZzInZVvi6Gdo2SvKjC1py8PQA==}

  '@jridgewell/gen-mapping@0.3.13':
    resolution: {integrity: sha512-2kkt/7niJ6MgEPxF0bYdQ6etZaA+fQvDcLKckhy1yIQOzaoKjBBjSj63/aLVjYE3qhRt5dvM+uUyfCg6UKCBbA==}

  '@jridgewell/resolve-uri@3.1.2':
    resolution: {integrity: sha512-bRISgCIjP20/tbWSPWMEi54QVPRZExkuD9lJL+UIxUKtwVJA8wW1Trb1jMs1RFXo1CBTNZ/5hpC9QvmKWdopKw==}
    engines: {node: '>=6.0.0'}

  '@jridgewell/sourcemap-codec@1.4.15':
    resolution: {integrity: sha512-eF2rxCRulEKXHTRiDrDy6erMYWqNw4LPdQ8UQA4huuxaQsVeRPFl2oM8oDGxMFhJUWZf9McpLtJasDDZb/Bpeg==}

  '@jridgewell/sourcemap-codec@1.5.5':
    resolution: {integrity: sha512-cYQ9310grqxueWbl+WuIUIaiUaDcj7WOq5fVhEljNVgRfOUhY9fy2zTvfoqWsnebh8Sl70VScFbICvJnLKB0Og==}

  '@jridgewell/trace-mapping@0.3.31':
    resolution: {integrity: sha512-zzNR+SdQSDJzc8joaeP8QQoCQr8NuYx2dIIytl1QeBEZHJ9uW6hebsrYgbz8hJwUQao3TWCMtmfV8Nu1twOLAw==}

  '@napi-rs/wasm-runtime@1.1.1':
    resolution: {integrity: sha512-p64ah1M1ld8xjWv3qbvFwHiFVWrq1yFvV4f7w+mzaqiR4IlSgkqhcRdHwsGgomwzBH51sRY4NEowLxnaBjcW/A==}

  '@oxc-project/types@0.110.0':
    resolution: {integrity: sha512-6Ct21OIlrEnFEJk5LT4e63pk3btsI6/TusD/GStLi7wYlGJNOl1GI9qvXAnRAxQU9zqA2Oz+UwhfTOU2rPZVow==}

  '@quansync/fs@1.0.0':
    resolution: {integrity: sha512-4TJ3DFtlf1L5LDMaM6CanJ/0lckGNtJcMjQ1NAV6zDmA0tEHKZtxNKin8EgPaVX1YzljbxckyT2tJrpQKAtngQ==}

  '@rolldown/binding-android-arm64@1.0.0-rc.1':
    resolution: {integrity: sha512-He6ZoCfv5D7dlRbrhNBkuMVIHd0GDnjJwbICE1OWpG7G3S2gmJ+eXkcNLJjzjNDpeI2aRy56ou39AJM9AD8YFA==}
    engines: {node: ^20.19.0 || >=22.12.0}
    cpu: [arm64]
    os: [android]

  '@rolldown/binding-darwin-arm64@1.0.0-rc.1':
    resolution: {integrity: sha512-YzJdn08kSOXnj85ghHauH2iHpOJ6eSmstdRTLyaziDcUxe9SyQJgGyx/5jDIhDvtOcNvMm2Ju7m19+S/Rm1jFg==}
    engines: {node: ^20.19.0 || >=22.12.0}
    cpu: [arm64]
    os: [darwin]

  '@rolldown/binding-darwin-x64@1.0.0-rc.1':
    resolution: {integrity: sha512-cIvAbqM+ZVV6lBSKSBtlNqH5iCiW933t1q8j0H66B3sjbe8AxIRetVqfGgcHcJtMzBIkIALlL9fcDrElWLJQcQ==}
    engines: {node: ^20.19.0 || >=22.12.0}
    cpu: [x64]
    os: [darwin]

  '@rolldown/binding-freebsd-x64@1.0.0-rc.1':
    resolution: {integrity: sha512-rVt+B1B/qmKwCl1XD02wKfgh3vQPXRXdB/TicV2w6g7RVAM1+cZcpigwhLarqiVCxDObFZ7UgXCxPC7tpDoRog==}
    engines: {node: ^20.19.0 || >=22.12.0}
    cpu: [x64]
    os: [freebsd]

  '@rolldown/binding-linux-arm-gnueabihf@1.0.0-rc.1':
    resolution: {integrity: sha512-69YKwJJBOFprQa1GktPgbuBOfnn+EGxu8sBJ1TjPER+zhSpYeaU4N07uqmyBiksOLGXsMegymuecLobfz03h8Q==}
    engines: {node: ^20.19.0 || >=22.12.0}
    cpu: [arm]
    os: [linux]

  '@rolldown/binding-linux-arm64-gnu@1.0.0-rc.1':
    resolution: {integrity: sha512-9JDhHUf3WcLfnViFWm+TyorqUtnSAHaCzlSNmMOq824prVuuzDOK91K0Hl8DUcEb9M5x2O+d2/jmBMsetRIn3g==}
    engines: {node: ^20.19.0 || >=22.12.0}
    cpu: [arm64]
    os: [linux]
    libc: [glibc]

  '@rolldown/binding-linux-arm64-musl@1.0.0-rc.1':
    resolution: {integrity: sha512-UvApLEGholmxw/HIwmUnLq3CwdydbhaHHllvWiCTNbyGom7wTwOtz5OAQbAKZYyiEOeIXZNPkM7nA4Dtng7CLw==}
    engines: {node: ^20.19.0 || >=22.12.0}
    cpu: [arm64]
    os: [linux]
    libc: [musl]

  '@rolldown/binding-linux-x64-gnu@1.0.0-rc.1':
    resolution: {integrity: sha512-uVctNgZHiGnJx5Fij7wHLhgw4uyZBVi6mykeWKOqE7bVy9Hcxn0fM/IuqdMwk6hXlaf9fFShDTFz2+YejP+x0A==}
    engines: {node: ^20.19.0 || >=22.12.0}
    cpu: [x64]
    os: [linux]
    libc: [glibc]

  '@rolldown/binding-linux-x64-musl@1.0.0-rc.1':
    resolution: {integrity: sha512-T6Eg0xWwcxd/MzBcuv4Z37YVbUbJxy5cMNnbIt/Yr99wFwli30O4BPlY8hKeGyn6lWNtU0QioBS46lVzDN38bg==}
    engines: {node: ^20.19.0 || >=22.12.0}
    cpu: [x64]
    os: [linux]
    libc: [musl]

  '@rolldown/binding-openharmony-arm64@1.0.0-rc.1':
    resolution: {integrity: sha512-PuGZVS2xNJyLADeh2F04b+Cz4NwvpglbtWACgrDOa5YDTEHKwmiTDjoD5eZ9/ptXtcpeFrMqD2H4Zn33KAh1Eg==}
    engines: {node: ^20.19.0 || >=22.12.0}
    cpu: [arm64]
    os: [openharmony]

  '@rolldown/binding-wasm32-wasi@1.0.0-rc.1':
    resolution: {integrity: sha512-2mOxY562ihHlz9lEXuaGEIDCZ1vI+zyFdtsoa3M62xsEunDXQE+DVPO4S4x5MPK9tKulG/aFcA/IH5eVN257Cw==}
    engines: {node: '>=14.0.0'}
    cpu: [wasm32]

  '@rolldown/binding-win32-arm64-msvc@1.0.0-rc.1':
    resolution: {integrity: sha512-oQVOP5cfAWZwRD0Q3nGn/cA9FW3KhMMuQ0NIndALAe6obqjLhqYVYDiGGRGrxvnjJsVbpLwR14gIUYnpIcHR1g==}
    engines: {node: ^20.19.0 || >=22.12.0}
    cpu: [arm64]
    os: [win32]

  '@rolldown/binding-win32-x64-msvc@1.0.0-rc.1':
    resolution: {integrity: sha512-Ydsxxx++FNOuov3wCBPaYjZrEvKOOGq3k+BF4BPridhg2pENfitSRD2TEuQ8i33bp5VptuNdC9IzxRKU031z5A==}
    engines: {node: ^20.19.0 || >=22.12.0}
    cpu: [x64]
    os: [win32]

  '@rolldown/pluginutils@1.0.0-rc.1':
    resolution: {integrity: sha512-UTBjtTxVOhodhzFVp/ayITaTETRHPUPYZPXQe0WU0wOgxghMojXxYjOiPOauKIYNWJAWS2fd7gJgGQK8GU8vDA==}

  '@tybys/wasm-util@0.10.1':
    resolution: {integrity: sha512-9tTaPJLSiejZKx+Bmog4uSubteqTvFrVrURwkmHixBo0G4seD0zUxp98E1DzUBJxLQ3NPwXrGKDiVjwx/DpPsg==}

  '@types/estree@1.0.5':
    resolution: {integrity: sha512-/kYRxGDLWzHOB7q+wtSUQlFrtcdUccpfy+X+9iMBpHK8QLLhx2wIPYuS5DYtR9Wa/YlZAbIovy7qVdB1Aq6Lyw==}

  '@types/jsesc@2.5.1':
    resolution: {integrity: sha512-9VN+6yxLOPLOav+7PwjZbxiID2bVaeq0ED4qSQmdQTdjnXJSaCVKTR58t15oqH1H5t8Ng2ZX1SabJVoN9Q34bw==}

  '@types/node@25.2.0':
    resolution: {integrity: sha512-DZ8VwRFUNzuqJ5khrvwMXHmvPe+zGayJhr2CDNiKB1WBE1ST8Djl00D0IC4vvNmHMdj6DlbYRIaFE7WHjlDl5w==}

  ansis@4.2.0:
    resolution: {integrity: sha512-HqZ5rWlFjGiV0tDm3UxxgNRqsOTniqoKZu0pIAfh7TZQMGuZK+hH0drySty0si0QXj1ieop4+SkSfPZBPPkHig==}
    engines: {node: '>=14'}

  ast-kit@3.0.0-beta.1:
    resolution: {integrity: sha512-trmleAnZ2PxN/loHWVhhx1qeOHSRXq4TDsBBxq3GqeJitfk3+jTQ+v/C1km/KYq9M7wKqCewMh+/NAvVH7m+bw==}
    engines: {node: '>=20.19.0'}

  birpc@4.0.0:
    resolution: {integrity: sha512-LShSxJP0KTmd101b6DRyGBj57LZxSDYWKitQNW/mi8GRMvZb078Uf9+pveax1DrVL89vm7mWe+TovdI/UDOuPw==}

  cac@6.7.14:
    resolution: {integrity: sha512-b6Ilus+c3RrdDk+JhLKUAQfzzgLEPy6wcXqS7f/xe1EETvsDP6GORG7SFuOs6cID5YkqchW/LXZbX5bc8j7ZcQ==}
    engines: {node: '>=8'}

  defu@6.1.4:
    resolution: {integrity: sha512-mEQCMmwJu317oSz8CwdIOdwf3xMif1ttiM8LTufzc3g6kR+9Pe236twL8j3IYT1F7GfRgGcW6MWxzZjLIkuHIg==}

  dts-resolver@2.1.3:
    resolution: {integrity: sha512-bihc7jPC90VrosXNzK0LTE2cuLP6jr0Ro8jk+kMugHReJVLIpHz/xadeq3MhuwyO4TD4OA3L1Q8pBBFRc08Tsw==}
    engines: {node: '>=20.19.0'}
    peerDependencies:
      oxc-resolver: '>=11.0.0'
    peerDependenciesMeta:
      oxc-resolver:
        optional: true

  empathic@2.0.0:
    resolution: {integrity: sha512-i6UzDscO/XfAcNYD75CfICkmfLedpyPDdozrLMmQc5ORaQcdMoc21OnlEylMIqI7U8eniKrPMxxtj8k0vhmJhA==}
    engines: {node: '>=14'}

  estree-walker@3.0.3:
    resolution: {integrity: sha512-7RUKfXgSMMkzt6ZuXmqapOurLGPPfgj6l9uRZ7lRGolvk0y2yocc35LdcxKC5PQZdn2DMqioAQ2NoWcrTKmm6g==}

  fdir@6.5.0:
    resolution: {integrity: sha512-tIbYtZbucOs0BRGqPJkshJUYdL+SDH7dVM8gjy+ERp3WAUjLEFJE+02kanyHtwjWOnwrKYBiwAmM0p4kLJAnXg==}
    engines: {node: '>=12.0.0'}
    peerDependencies:
      picomatch: ^3 || ^4
    peerDependenciesMeta:
      picomatch:
        optional: true

  get-tsconfig@4.13.1:
    resolution: {integrity: sha512-EoY1N2xCn44xU6750Sx7OjOIT59FkmstNc3X6y5xpz7D5cBtZRe/3pSlTkDJgqsOk3WwZPkWfonhhUJfttQo3w==}

  hookable@6.0.1:
    resolution: {integrity: sha512-uKGyY8BuzN/a5gvzvA+3FVWo0+wUjgtfSdnmjtrOVwQCZPHpHDH2WRO3VZSOeluYrHoDCiXFffZXs8Dj1ULWtw==}

  import-without-cache@0.2.5:
    resolution: {integrity: sha512-B6Lc2s6yApwnD2/pMzFh/d5AVjdsDXjgkeJ766FmFuJELIGHNycKRj+l3A39yZPM4CchqNCB4RITEAYB1KUM6A==}
    engines: {node: '>=20.19.0'}

  jsesc@3.1.0:
    resolution: {integrity: sha512-/sM3dO2FOzXjKQhJuo0Q173wf2KOo8t4I8vHy6lF9poUp7bKT0/NHE8fPX23PwfhnykfqnC2xRxOnVw5XuGIaA==}
    engines: {node: '>=6'}
    hasBin: true

  obug@2.1.1:
    resolution: {integrity: sha512-uTqF9MuPraAQ+IsnPf366RG4cP9RtUi7MLO1N3KEc+wb0a6yKpeL0lmk2IB1jY5KHPAlTc6T/JRdC/YqxHNwkQ==}

  pathe@2.0.3:
    resolution: {integrity: sha512-WUjGcAqP1gQacoQe+OBJsFA7Ld4DyXuUIjZ5cc75cLHvJ7dtNsTugphxIADwspS+AraAUePCKrSVtPLFj/F88w==}

  picomatch@4.0.3:
    resolution: {integrity: sha512-5gTmgEY/sqK6gFXLIsQNH19lWb4ebPDLA4SdLP7dsWkIXHWlG66oPuVvXSGFPppYZz8ZDZq0dYYrbHfBCVUb1Q==}
    engines: {node: '>=12'}

  quansync@1.0.0:
    resolution: {integrity: sha512-5xZacEEufv3HSTPQuchrvV6soaiACMFnq1H8wkVioctoH3TRha9Sz66lOxRwPK/qZj7HPiSveih9yAyh98gvqA==}

  resolve-pkg-maps@1.0.0:
    resolution: {integrity: sha512-seS2Tj26TBVOC2NIc2rOe2y2ZO7efxITtLZcGSOnHHNOQ7CkiUBfw0Iw2ck6xkIhPwLhKNLS8BO+hEpngQlqzw==}

  rolldown-plugin-dts@0.21.9:
    resolution: {integrity: sha512-macIh4TtSv84N33YcI8SbULUPbMOgwPHDLweUKgzb+LV2OrVzrXihb2pC33xR0Hoh+hz07Un9/EuUeqMiPsePw==}
    engines: {node: '>=20.19.0'}
    peerDependencies:
      '@ts-macro/tsc': ^0.3.6
      '@typescript/native-preview': '>=7.0.0-dev.20250601.1'
      rolldown: ^1.0.0-beta.57
      typescript: ^5.0.0
      vue-tsc: ~3.2.0
    peerDependenciesMeta:
      '@ts-macro/tsc':
        optional: true
      '@typescript/native-preview':
        optional: true
      typescript:
        optional: true
      vue-tsc:
        optional: true

  rolldown@1.0.0-rc.1:
    resolution: {integrity: sha512-M3AeZjYE6UclblEf531Hch0WfVC/NOL43Cc+WdF3J50kk5/fvouHhDumSGTh0oRjbZ8C4faaVr5r6Nx1xMqDGg==}
    engines: {node: ^20.19.0 || >=22.12.0}
    hasBin: true

  semver@7.7.3:
    resolution: {integrity: sha512-SdsKMrI9TdgjdweUSR9MweHA4EJ8YxHn8DFaDisvhVlUOe4BF1tLD7GAj0lIqWVl+dPb/rExr0Btby5loQm20Q==}
    engines: {node: '>=10'}
    hasBin: true

  tinyexec@1.0.2:
    resolution: {integrity: sha512-W/KYk+NFhkmsYpuHq5JykngiOCnxeVL8v8dFnqxSD8qEEdRfXk1SDM6JzNqcERbcGYj9tMrDQBYV9cjgnunFIg==}
    engines: {node: '>=18'}

  tinyglobby@0.2.15:
    resolution: {integrity: sha512-j2Zq4NyQYG5XMST4cbs02Ak8iJUdxRM0XI5QyxXuZOzKOINmWurp3smXu3y5wDcJrptwpSjgXHzIQxR0omXljQ==}
    engines: {node: '>=12.0.0'}

  tree-kill@1.2.2:
    resolution: {integrity: sha512-L0Orpi8qGpRG//Nd+H90vFB+3iHnue1zSSGmNOOCh1GLJ7rUKVwV2HvijphGQS2UmhUZewS9VgvxYIdgr+fG1A==}
    hasBin: true

  tsdown@0.20.1:
    resolution: {integrity: sha512-Wo1BzqNQVZ6SFQV8rjQBwMmNubO+yV3F+vp2WNTjEaS4S5CT1C1dHtUbeFMrCEasZpGy5w6TshpehNnfTe8QBQ==}
    engines: {node: '>=20.19.0'}
    hasBin: true
    peerDependencies:
      '@arethetypeswrong/core': ^0.18.1
      '@vitejs/devtools': '*'
      publint: ^0.3.0
      typescript: ^5.0.0
      unplugin-lightningcss: ^0.4.0
      unplugin-unused: ^0.5.0
    peerDependenciesMeta:
      '@arethetypeswrong/core':
        optional: true
      '@vitejs/devtools':
        optional: true
      publint:
        optional: true
      typescript:
        optional: true
      unplugin-lightningcss:
        optional: true
      unplugin-unused:
        optional: true

  tslib@2.8.1:
    resolution: {integrity: sha512-oJFu94HQb+KVduSUQL7wnpmqnfmLsOA/nAh6b6EH0wCEoK0/mPeXU6c3wKDV83MkOuHPRHtSXKKU99IBazS/2w==}

  typescript@5.4.5:
    resolution: {integrity: sha512-vcI4UpRgg81oIRUFwR0WSIHKt11nJ7SAVlYNIu+QpqeyXP+gpQJy/Z4+F0aGxSE4MqwjyXvW/TzgkLAx2AGHwQ==}
    engines: {node: '>=14.17'}
    hasBin: true

  unconfig-core@7.4.2:
    resolution: {integrity: sha512-VgPCvLWugINbXvMQDf8Jh0mlbvNjNC6eSUziHsBCMpxR05OPrNrvDnyatdMjRgcHaaNsCqz+wjNXxNw1kRLHUg==}

  undici-types@7.16.0:
    resolution: {integrity: sha512-Zz+aZWSj8LE6zoxD+xrjh4VfkIG8Ya6LvYkZqtUQGJPZjYl53ypCaUwWqo7eI0x66KBGeRo+mlBEkMSeSZ38Nw==}

  unrun@0.2.26:
    resolution: {integrity: sha512-A3DQLBcDyTui4Hlaoojkldg+8x+CIR+tcSHY0wzW+CgB4X/DNyH58jJpXp1B/EkE+yG6tU8iH1mWsLtwFU3IQg==}
    engines: {node: '>=20.19.0'}
    hasBin: true
    peerDependencies:
      synckit: ^0.11.11
    peerDependenciesMeta:
      synckit:
        optional: true

snapshots:

  '@babel/generator@8.0.0-rc.1':
    dependencies:
      '@babel/parser': 8.0.0-rc.1
      '@babel/types': 8.0.0-rc.1
      '@jridgewell/gen-mapping': 0.3.13
      '@jridgewell/trace-mapping': 0.3.31
      '@types/jsesc': 2.5.1
      jsesc: 3.1.0

  '@babel/helper-string-parser@8.0.0-rc.1': {}

  '@babel/helper-validator-identifier@8.0.0-rc.1': {}

  '@babel/parser@8.0.0-rc.1':
    dependencies:
      '@babel/types': 8.0.0-rc.1

  '@babel/types@8.0.0-rc.1':
    dependencies:
      '@babel/helper-string-parser': 8.0.0-rc.1
      '@babel/helper-validator-identifier': 8.0.0-rc.1

  '@biomejs/biome@2.3.14':
    optionalDependencies:
      '@biomejs/cli-darwin-arm64': 2.3.14
      '@biomejs/cli-darwin-x64': 2.3.14
      '@biomejs/cli-linux-arm64': 2.3.14
      '@biomejs/cli-linux-arm64-musl': 2.3.14
      '@biomejs/cli-linux-x64': 2.3.14
      '@biomejs/cli-linux-x64-musl': 2.3.14
      '@biomejs/cli-win32-arm64': 2.3.14
      '@biomejs/cli-win32-x64': 2.3.14

  '@biomejs/cli-darwin-arm64@2.3.14':
    optional: true

  '@biomejs/cli-darwin-x64@2.3.14':
    optional: true

  '@biomejs/cli-linux-arm64-musl@2.3.14':
    optional: true

  '@biomejs/cli-linux-arm64@2.3.14':
    optional: true

  '@biomejs/cli-linux-x64-musl@2.3.14':
    optional: true

  '@biomejs/cli-linux-x64@2.3.14':
    optional: true

  '@biomejs/cli-win32-arm64@2.3.14':
    optional: true

  '@biomejs/cli-win32-x64@2.3.14':
    optional: true

  '@emnapi/core@1.8.1':
    dependencies:
      '@emnapi/wasi-threads': 1.1.0
      tslib: 2.8.1
    optional: true

  '@emnapi/runtime@1.8.1':
    dependencies:
      tslib: 2.8.1
    optional: true

  '@emnapi/wasi-threads@1.1.0':
    dependencies:
      tslib: 2.8.1
    optional: true

  '@girs/accountsservice-1.0@1.0.0-4.0.0-beta.5':
    dependencies:
      '@girs/gio-2.0': 2.80.0-4.0.0-beta.5
      '@girs/gjs': 4.0.0-beta.5
      '@girs/glib-2.0': 2.80.0-4.0.0-beta.5
      '@girs/gobject-2.0': 2.80.0-4.0.0-beta.5

  '@girs/adw-1@1.5.0-4.0.0-beta.5':
    dependencies:
      '@girs/cairo-1.0': 1.0.0-4.0.0-beta.5
      '@girs/freetype2-2.0': 2.0.0-4.0.0-beta.5
      '@girs/gdk-4.0': 4.0.0-4.0.0-beta.5
      '@girs/gdkpixbuf-2.0': 2.0.0-4.0.0-beta.5
      '@girs/gio-2.0': 2.80.0-4.0.0-beta.5
      '@girs/gjs': 4.0.0-beta.5
      '@girs/glib-2.0': 2.80.0-4.0.0-beta.5
      '@girs/gmodule-2.0': 2.0.0-4.0.0-beta.5
      '@girs/gobject-2.0': 2.80.0-4.0.0-beta.5
      '@girs/graphene-1.0': 1.0.0-4.0.0-beta.5
      '@girs/gsk-4.0': 4.0.0-4.0.0-beta.5
      '@girs/gtk-4.0': 4.14.3-4.0.0-beta.5
      '@girs/harfbuzz-0.0': 8.3.1-4.0.0-beta.5
      '@girs/pango-1.0': 1.52.2-4.0.0-beta.5
      '@girs/pangocairo-1.0': 1.0.0-4.0.0-beta.5

  '@girs/atk-1.0@2.52.0-4.0.0-beta.5':
    dependencies:
      '@girs/gjs': 4.0.0-beta.5
      '@girs/glib-2.0': 2.80.0-4.0.0-beta.5
      '@girs/gobject-2.0': 2.80.0-4.0.0-beta.5

  '@girs/cairo-1.0@1.0.0-4.0.0-beta.5':
    dependencies:
      '@girs/gjs': 4.0.0-beta.5
      '@girs/glib-2.0': 2.80.0-4.0.0-beta.5
      '@girs/gobject-2.0': 2.80.0-4.0.0-beta.5

  '@girs/cally-14@14.0.0-4.0.0-beta.5':
    dependencies:
      '@girs/atk-1.0': 2.52.0-4.0.0-beta.5
      '@girs/cairo-1.0': 1.0.0-4.0.0-beta.5
      '@girs/clutter-14': 14.0.0-4.0.0-beta.5
      '@girs/cogl-14': 14.0.0-4.0.0-beta.5
      '@girs/coglpango-14': 14.0.0-4.0.0-beta.5
      '@girs/freetype2-2.0': 2.0.0-4.0.0-beta.5
      '@girs/gio-2.0': 2.80.0-4.0.0-beta.5
      '@girs/gjs': 4.0.0-beta.5
      '@girs/gl-1.0': 1.0.0-4.0.0-beta.5
      '@girs/glib-2.0': 2.80.0-4.0.0-beta.5
      '@girs/gobject-2.0': 2.80.0-4.0.0-beta.5
      '@girs/graphene-1.0': 1.0.0-4.0.0-beta.5
      '@girs/harfbuzz-0.0': 8.3.1-4.0.0-beta.5
      '@girs/mtk-14': 14.0.0-4.0.0-beta.5
      '@girs/pango-1.0': 1.52.2-4.0.0-beta.5
      '@girs/pangocairo-1.0': 1.0.0-4.0.0-beta.5
      '@girs/xlib-2.0': 2.0.0-4.0.0-beta.5

  '@girs/clutter-14@14.0.0-4.0.0-beta.5':
    dependencies:
      '@girs/atk-1.0': 2.52.0-4.0.0-beta.5
      '@girs/cairo-1.0': 1.0.0-4.0.0-beta.5
      '@girs/cogl-14': 14.0.0-4.0.0-beta.5
      '@girs/coglpango-14': 14.0.0-4.0.0-beta.5
      '@girs/freetype2-2.0': 2.0.0-4.0.0-beta.5
      '@girs/gio-2.0': 2.80.0-4.0.0-beta.5
      '@girs/gjs': 4.0.0-beta.5
      '@girs/gl-1.0': 1.0.0-4.0.0-beta.5
      '@girs/glib-2.0': 2.80.0-4.0.0-beta.5
      '@girs/gobject-2.0': 2.80.0-4.0.0-beta.5
      '@girs/graphene-1.0': 1.0.0-4.0.0-beta.5
      '@girs/harfbuzz-0.0': 8.3.1-4.0.0-beta.5
      '@girs/mtk-14': 14.0.0-4.0.0-beta.5
      '@girs/pango-1.0': 1.52.2-4.0.0-beta.5
      '@girs/pangocairo-1.0': 1.0.0-4.0.0-beta.5
      '@girs/xlib-2.0': 2.0.0-4.0.0-beta.5

  '@girs/cogl-14@14.0.0-4.0.0-beta.5':
    dependencies:
      '@girs/gjs': 4.0.0-beta.5
      '@girs/gl-1.0': 1.0.0-4.0.0-beta.5
      '@girs/glib-2.0': 2.80.0-4.0.0-beta.5
      '@girs/gobject-2.0': 2.80.0-4.0.0-beta.5
      '@girs/graphene-1.0': 1.0.0-4.0.0-beta.5
      '@girs/mtk-14': 14.0.0-4.0.0-beta.5
      '@girs/xlib-2.0': 2.0.0-4.0.0-beta.5

  '@girs/cogl-2.0@2.0.0-4.0.0-beta.5':
    dependencies:
      '@girs/gjs': 4.0.0-beta.5
      '@girs/gl-1.0': 1.0.0-4.0.0-beta.5
      '@girs/glib-2.0': 2.80.0-4.0.0-beta.5
      '@girs/gobject-2.0': 2.80.0-4.0.0-beta.5

  '@girs/coglpango-14@14.0.0-4.0.0-beta.5':
    dependencies:
      '@girs/cairo-1.0': 1.0.0-4.0.0-beta.5
      '@girs/cogl-14': 14.0.0-4.0.0-beta.5
      '@girs/freetype2-2.0': 2.0.0-4.0.0-beta.5
      '@girs/gio-2.0': 2.80.0-4.0.0-beta.5
      '@girs/gjs': 4.0.0-beta.5
      '@girs/gl-1.0': 1.0.0-4.0.0-beta.5
      '@girs/glib-2.0': 2.80.0-4.0.0-beta.5
      '@girs/gobject-2.0': 2.80.0-4.0.0-beta.5
      '@girs/graphene-1.0': 1.0.0-4.0.0-beta.5
      '@girs/harfbuzz-0.0': 8.3.1-4.0.0-beta.5
      '@girs/mtk-14': 14.0.0-4.0.0-beta.5
      '@girs/pango-1.0': 1.52.2-4.0.0-beta.5
      '@girs/pangocairo-1.0': 1.0.0-4.0.0-beta.5
      '@girs/xlib-2.0': 2.0.0-4.0.0-beta.5

  '@girs/freetype2-2.0@2.0.0-4.0.0-beta.5':
    dependencies:
      '@girs/gjs': 4.0.0-beta.5
      '@girs/gobject-2.0': 2.80.0-4.0.0-beta.5

  '@girs/gck-2@4.3.0-4.0.0-beta.5':
    dependencies:
      '@girs/gio-2.0': 2.80.0-4.0.0-beta.5
      '@girs/gjs': 4.0.0-beta.5
      '@girs/glib-2.0': 2.80.0-4.0.0-beta.5
      '@girs/gobject-2.0': 2.80.0-4.0.0-beta.5

  '@girs/gcr-4@4.3.0-4.0.0-beta.5':
    dependencies:
      '@girs/gck-2': 4.3.0-4.0.0-beta.5
      '@girs/gio-2.0': 2.80.0-4.0.0-beta.5
      '@girs/gjs': 4.0.0-beta.5
      '@girs/glib-2.0': 2.80.0-4.0.0-beta.5
      '@girs/gobject-2.0': 2.80.0-4.0.0-beta.5

  '@girs/gdesktopenums-3.0@3.0.0-4.0.0-beta.5':
    dependencies:
      '@girs/gjs': 4.0.0-beta.5
      '@girs/gobject-2.0': 2.80.0-4.0.0-beta.5

  '@girs/gdk-4.0@4.0.0-4.0.0-beta.5':
    dependencies:
      '@girs/cairo-1.0': 1.0.0-4.0.0-beta.5
      '@girs/freetype2-2.0': 2.0.0-4.0.0-beta.5
      '@girs/gdkpixbuf-2.0': 2.0.0-4.0.0-beta.5
      '@girs/gio-2.0': 2.80.0-4.0.0-beta.5
      '@girs/gjs': 4.0.0-beta.5
      '@girs/glib-2.0': 2.80.0-4.0.0-beta.5
      '@girs/gmodule-2.0': 2.0.0-4.0.0-beta.5
      '@girs/gobject-2.0': 2.80.0-4.0.0-beta.5
      '@girs/harfbuzz-0.0': 8.3.1-4.0.0-beta.5
      '@girs/pango-1.0': 1.52.2-4.0.0-beta.5
      '@girs/pangocairo-1.0': 1.0.0-4.0.0-beta.5

  '@girs/gdkpixbuf-2.0@2.0.0-4.0.0-beta.5':
    dependencies:
      '@girs/gio-2.0': 2.80.0-4.0.0-beta.5
      '@girs/gjs': 4.0.0-beta.5
      '@girs/glib-2.0': 2.80.0-4.0.0-beta.5
      '@girs/gmodule-2.0': 2.0.0-4.0.0-beta.5
      '@girs/gobject-2.0': 2.80.0-4.0.0-beta.5

  '@girs/gdm-1.0@1.0.0-4.0.0-beta.5':
    dependencies:
      '@girs/gio-2.0': 2.80.0-4.0.0-beta.5
      '@girs/gjs': 4.0.0-beta.5
      '@girs/glib-2.0': 2.80.0-4.0.0-beta.5
      '@girs/gobject-2.0': 2.80.0-4.0.0-beta.5

  '@girs/gio-2.0@2.80.0-4.0.0-beta.5':
    dependencies:
      '@girs/gjs': 4.0.0-beta.5
      '@girs/glib-2.0': 2.80.0-4.0.0-beta.5
      '@girs/gobject-2.0': 2.80.0-4.0.0-beta.5

  '@girs/gjs@3.3.0':
    dependencies:
      '@girs/glib-2.0': 2.78.0-3.3.0
      '@girs/gobject-2.0': 2.78.0-3.3.0

  '@girs/gjs@4.0.0-beta.5':
    dependencies:
      '@girs/gio-2.0': 2.80.0-4.0.0-beta.5
      '@girs/glib-2.0': 2.80.0-4.0.0-beta.5
      '@girs/gobject-2.0': 2.80.0-4.0.0-beta.5

  '@girs/gl-1.0@1.0.0-4.0.0-beta.5':
    dependencies:
      '@girs/gjs': 4.0.0-beta.5
      '@girs/gobject-2.0': 2.80.0-4.0.0-beta.5

  '@girs/glib-2.0@2.78.0-3.3.0':
    dependencies:
      '@girs/gjs': 3.3.0
      '@girs/gobject-2.0': 2.78.0-3.3.0

  '@girs/glib-2.0@2.80.0-4.0.0-beta.5':
    dependencies:
      '@girs/gjs': 4.0.0-beta.5
      '@girs/gobject-2.0': 2.80.0-4.0.0-beta.5

  '@girs/gmodule-2.0@2.0.0-4.0.0-beta.5':
    dependencies:
      '@girs/gjs': 4.0.0-beta.5
      '@girs/glib-2.0': 2.80.0-4.0.0-beta.5
      '@girs/gobject-2.0': 2.80.0-4.0.0-beta.5

  '@girs/gnome-shell@46.0.0-beta8':
    dependencies:
      '@girs/accountsservice-1.0': 1.0.0-4.0.0-beta.5
      '@girs/adw-1': 1.5.0-4.0.0-beta.5
      '@girs/atk-1.0': 2.52.0-4.0.0-beta.5
      '@girs/cally-14': 14.0.0-4.0.0-beta.5
      '@girs/clutter-14': 14.0.0-4.0.0-beta.5
      '@girs/cogl-2.0': 2.0.0-4.0.0-beta.5
      '@girs/gcr-4': 4.3.0-4.0.0-beta.5
      '@girs/gdm-1.0': 1.0.0-4.0.0-beta.5
      '@girs/gio-2.0': 2.80.0-4.0.0-beta.5
      '@girs/gjs': 4.0.0-beta.5
      '@girs/glib-2.0': 2.80.0-4.0.0-beta.5
      '@girs/gnomebg-4.0': 4.0.0-4.0.0-beta.5
      '@girs/gnomebluetooth-3.0': 3.0.0-4.0.0-beta.5
      '@girs/gnomedesktop-4.0': 4.0.0-4.0.0-beta.5
      '@girs/gobject-2.0': 2.80.0-4.0.0-beta.5
      '@girs/gtk-4.0': 4.14.3-4.0.0-beta.5
      '@girs/gvc-1.0': 1.0.0-4.0.0-beta.5
      '@girs/meta-14': 14.0.0-4.0.0-beta.5
      '@girs/mtk-14': 14.0.0-4.0.0-beta.5
      '@girs/polkit-1.0': 1.0.0-4.0.0-beta.5
      '@girs/shell-14': 14.0.0-4.0.0-beta.5
      '@girs/shew-0': 0.0.0-4.0.0-beta.5
      '@girs/st-14': 14.0.0-4.0.0-beta.5
      '@girs/upowerglib-1.0': 1.90.2-4.0.0-beta.4

  '@girs/gnomebg-4.0@4.0.0-4.0.0-beta.5':
    dependencies:
      '@girs/cairo-1.0': 1.0.0-4.0.0-beta.5
      '@girs/freetype2-2.0': 2.0.0-4.0.0-beta.5
      '@girs/gdesktopenums-3.0': 3.0.0-4.0.0-beta.5
      '@girs/gdk-4.0': 4.0.0-4.0.0-beta.5
      '@girs/gdkpixbuf-2.0': 2.0.0-4.0.0-beta.5
      '@girs/gio-2.0': 2.80.0-4.0.0-beta.5
      '@girs/gjs': 4.0.0-beta.5
      '@girs/glib-2.0': 2.80.0-4.0.0-beta.5
      '@girs/gmodule-2.0': 2.0.0-4.0.0-beta.5
      '@girs/gnomedesktop-4.0': 4.0.0-4.0.0-beta.5
      '@girs/gobject-2.0': 2.80.0-4.0.0-beta.5
      '@girs/harfbuzz-0.0': 8.3.1-4.0.0-beta.5
      '@girs/pango-1.0': 1.52.2-4.0.0-beta.5
      '@girs/pangocairo-1.0': 1.0.0-4.0.0-beta.5

  '@girs/gnomebluetooth-3.0@3.0.0-4.0.0-beta.5':
    dependencies:
      '@girs/gio-2.0': 2.80.0-4.0.0-beta.5
      '@girs/gjs': 4.0.0-beta.5
      '@girs/glib-2.0': 2.80.0-4.0.0-beta.5
      '@girs/gobject-2.0': 2.80.0-4.0.0-beta.5

  '@girs/gnomedesktop-4.0@4.0.0-4.0.0-beta.5':
    dependencies:
      '@girs/gdesktopenums-3.0': 3.0.0-4.0.0-beta.5
      '@girs/gdkpixbuf-2.0': 2.0.0-4.0.0-beta.5
      '@girs/gio-2.0': 2.80.0-4.0.0-beta.5
      '@girs/gjs': 4.0.0-beta.5
      '@girs/glib-2.0': 2.80.0-4.0.0-beta.5
      '@girs/gmodule-2.0': 2.0.0-4.0.0-beta.5
      '@girs/gobject-2.0': 2.80.0-4.0.0-beta.5

  '@girs/gobject-2.0@2.78.0-3.3.0':
    dependencies:
      '@girs/gjs': 3.3.0
      '@girs/glib-2.0': 2.78.0-3.3.0

  '@girs/gobject-2.0@2.80.0-4.0.0-beta.5':
    dependencies:
      '@girs/gjs': 4.0.0-beta.5
      '@girs/glib-2.0': 2.80.0-4.0.0-beta.5

  '@girs/graphene-1.0@1.0.0-4.0.0-beta.5':
    dependencies:
      '@girs/gjs': 4.0.0-beta.5
      '@girs/glib-2.0': 2.80.0-4.0.0-beta.5
      '@girs/gobject-2.0': 2.80.0-4.0.0-beta.5

  '@girs/gsk-4.0@4.0.0-4.0.0-beta.5':
    dependencies:
      '@girs/cairo-1.0': 1.0.0-4.0.0-beta.5
      '@girs/freetype2-2.0': 2.0.0-4.0.0-beta.5
      '@girs/gdk-4.0': 4.0.0-4.0.0-beta.5
      '@girs/gdkpixbuf-2.0': 2.0.0-4.0.0-beta.5
      '@girs/gio-2.0': 2.80.0-4.0.0-beta.5
      '@girs/gjs': 4.0.0-beta.5
      '@girs/glib-2.0': 2.80.0-4.0.0-beta.5
      '@girs/gmodule-2.0': 2.0.0-4.0.0-beta.5
      '@girs/gobject-2.0': 2.80.0-4.0.0-beta.5
      '@girs/graphene-1.0': 1.0.0-4.0.0-beta.5
      '@girs/harfbuzz-0.0': 8.3.1-4.0.0-beta.5
      '@girs/pango-1.0': 1.52.2-4.0.0-beta.5
      '@girs/pangocairo-1.0': 1.0.0-4.0.0-beta.5

  '@girs/gtk-4.0@4.14.3-4.0.0-beta.5':
    dependencies:
      '@girs/cairo-1.0': 1.0.0-4.0.0-beta.5
      '@girs/freetype2-2.0': 2.0.0-4.0.0-beta.5
      '@girs/gdk-4.0': 4.0.0-4.0.0-beta.5
      '@girs/gdkpixbuf-2.0': 2.0.0-4.0.0-beta.5
      '@girs/gio-2.0': 2.80.0-4.0.0-beta.5
      '@girs/gjs': 4.0.0-beta.5
      '@girs/glib-2.0': 2.80.0-4.0.0-beta.5
      '@girs/gmodule-2.0': 2.0.0-4.0.0-beta.5
      '@girs/gobject-2.0': 2.80.0-4.0.0-beta.5
      '@girs/graphene-1.0': 1.0.0-4.0.0-beta.5
      '@girs/gsk-4.0': 4.0.0-4.0.0-beta.5
      '@girs/harfbuzz-0.0': 8.3.1-4.0.0-beta.5
      '@girs/pango-1.0': 1.52.2-4.0.0-beta.5
      '@girs/pangocairo-1.0': 1.0.0-4.0.0-beta.5

  '@girs/gvc-1.0@1.0.0-4.0.0-beta.5':
    dependencies:
      '@girs/gio-2.0': 2.80.0-4.0.0-beta.5
      '@girs/gjs': 4.0.0-beta.5
      '@girs/glib-2.0': 2.80.0-4.0.0-beta.5
      '@girs/gobject-2.0': 2.80.0-4.0.0-beta.5

  '@girs/harfbuzz-0.0@8.3.1-4.0.0-beta.5':
    dependencies:
      '@girs/freetype2-2.0': 2.0.0-4.0.0-beta.5
      '@girs/gjs': 4.0.0-beta.5
      '@girs/glib-2.0': 2.80.0-4.0.0-beta.5
      '@girs/gobject-2.0': 2.80.0-4.0.0-beta.5

  '@girs/meta-14@14.0.0-4.0.0-beta.5':
    dependencies:
      '@girs/atk-1.0': 2.52.0-4.0.0-beta.5
      '@girs/cairo-1.0': 1.0.0-4.0.0-beta.5
      '@girs/clutter-14': 14.0.0-4.0.0-beta.5
      '@girs/cogl-14': 14.0.0-4.0.0-beta.5
      '@girs/coglpango-14': 14.0.0-4.0.0-beta.5
      '@girs/freetype2-2.0': 2.0.0-4.0.0-beta.5
      '@girs/gdesktopenums-3.0': 3.0.0-4.0.0-beta.5
      '@girs/gio-2.0': 2.80.0-4.0.0-beta.5
      '@girs/gjs': 4.0.0-beta.5
      '@girs/gl-1.0': 1.0.0-4.0.0-beta.5
      '@girs/glib-2.0': 2.80.0-4.0.0-beta.5
      '@girs/gobject-2.0': 2.80.0-4.0.0-beta.5
      '@girs/graphene-1.0': 1.0.0-4.0.0-beta.5
      '@girs/harfbuzz-0.0': 8.3.1-4.0.0-beta.5
      '@girs/mtk-14': 14.0.0-4.0.0-beta.5
      '@girs/pango-1.0': 1.52.2-4.0.0-beta.5
      '@girs/pangocairo-1.0': 1.0.0-4.0.0-beta.5
      '@girs/xfixes-4.0': 4.0.0-4.0.0-beta.5
      '@girs/xlib-2.0': 2.0.0-4.0.0-beta.5

  '@girs/mtk-14@14.0.0-4.0.0-beta.5':
    dependencies:
      '@girs/gjs': 4.0.0-beta.5
      '@girs/glib-2.0': 2.80.0-4.0.0-beta.5
      '@girs/gobject-2.0': 2.80.0-4.0.0-beta.5
      '@girs/graphene-1.0': 1.0.0-4.0.0-beta.5

  '@girs/nm-1.0@1.46.0-4.0.0-beta.5':
    dependencies:
      '@girs/gio-2.0': 2.80.0-4.0.0-beta.5
      '@girs/gjs': 4.0.0-beta.5
      '@girs/glib-2.0': 2.80.0-4.0.0-beta.5
      '@girs/gobject-2.0': 2.80.0-4.0.0-beta.5

  '@girs/pango-1.0@1.52.2-4.0.0-beta.5':
    dependencies:
      '@girs/cairo-1.0': 1.0.0-4.0.0-beta.5
      '@girs/freetype2-2.0': 2.0.0-4.0.0-beta.5
      '@girs/gio-2.0': 2.80.0-4.0.0-beta.5
      '@girs/gjs': 4.0.0-beta.5
      '@girs/glib-2.0': 2.80.0-4.0.0-beta.5
      '@girs/gobject-2.0': 2.80.0-4.0.0-beta.5
      '@girs/harfbuzz-0.0': 8.3.1-4.0.0-beta.5

  '@girs/pangocairo-1.0@1.0.0-4.0.0-beta.5':
    dependencies:
      '@girs/cairo-1.0': 1.0.0-4.0.0-beta.5
      '@girs/freetype2-2.0': 2.0.0-4.0.0-beta.5
      '@girs/gio-2.0': 2.80.0-4.0.0-beta.5
      '@girs/gjs': 4.0.0-beta.5
      '@girs/glib-2.0': 2.80.0-4.0.0-beta.5
      '@girs/gobject-2.0': 2.80.0-4.0.0-beta.5
      '@girs/harfbuzz-0.0': 8.3.1-4.0.0-beta.5
      '@girs/pango-1.0': 1.52.2-4.0.0-beta.5

  '@girs/polkit-1.0@1.0.0-4.0.0-beta.5':
    dependencies:
      '@girs/gio-2.0': 2.80.0-4.0.0-beta.5
      '@girs/gjs': 4.0.0-beta.5
      '@girs/glib-2.0': 2.80.0-4.0.0-beta.5
      '@girs/gobject-2.0': 2.80.0-4.0.0-beta.5

  '@girs/polkitagent-1.0@1.0.0-4.0.0-beta.5':
    dependencies:
      '@girs/gio-2.0': 2.80.0-4.0.0-beta.5
      '@girs/gjs': 4.0.0-beta.5
      '@girs/glib-2.0': 2.80.0-4.0.0-beta.5
      '@girs/gobject-2.0': 2.80.0-4.0.0-beta.5
      '@girs/polkit-1.0': 1.0.0-4.0.0-beta.5

  '@girs/shell-14@14.0.0-4.0.0-beta.5':
    dependencies:
      '@girs/atk-1.0': 2.52.0-4.0.0-beta.5
      '@girs/cairo-1.0': 1.0.0-4.0.0-beta.5
      '@girs/cally-14': 14.0.0-4.0.0-beta.5
      '@girs/clutter-14': 14.0.0-4.0.0-beta.5
      '@girs/cogl-14': 14.0.0-4.0.0-beta.5
      '@girs/coglpango-14': 14.0.0-4.0.0-beta.5
      '@girs/freetype2-2.0': 2.0.0-4.0.0-beta.5
      '@girs/gck-2': 4.3.0-4.0.0-beta.5
      '@girs/gcr-4': 4.3.0-4.0.0-beta.5
      '@girs/gdesktopenums-3.0': 3.0.0-4.0.0-beta.5
      '@girs/gdkpixbuf-2.0': 2.0.0-4.0.0-beta.5
      '@girs/gio-2.0': 2.80.0-4.0.0-beta.5
      '@girs/gjs': 4.0.0-beta.5
      '@girs/gl-1.0': 1.0.0-4.0.0-beta.5
      '@girs/glib-2.0': 2.80.0-4.0.0-beta.5
      '@girs/gmodule-2.0': 2.0.0-4.0.0-beta.5
      '@girs/gobject-2.0': 2.80.0-4.0.0-beta.5
      '@girs/graphene-1.0': 1.0.0-4.0.0-beta.5
      '@girs/gvc-1.0': 1.0.0-4.0.0-beta.5
      '@girs/harfbuzz-0.0': 8.3.1-4.0.0-beta.5
      '@girs/meta-14': 14.0.0-4.0.0-beta.5
      '@girs/mtk-14': 14.0.0-4.0.0-beta.5
      '@girs/nm-1.0': 1.46.0-4.0.0-beta.5
      '@girs/pango-1.0': 1.52.2-4.0.0-beta.5
      '@girs/pangocairo-1.0': 1.0.0-4.0.0-beta.5
      '@girs/polkit-1.0': 1.0.0-4.0.0-beta.5
      '@girs/polkitagent-1.0': 1.0.0-4.0.0-beta.5
      '@girs/st-14': 14.0.0-4.0.0-beta.5
      '@girs/xfixes-4.0': 4.0.0-4.0.0-beta.5
      '@girs/xlib-2.0': 2.0.0-4.0.0-beta.5

  '@girs/shew-0@0.0.0-4.0.0-beta.5':
    dependencies:
      '@girs/cairo-1.0': 1.0.0-4.0.0-beta.5
      '@girs/freetype2-2.0': 2.0.0-4.0.0-beta.5
      '@girs/gdk-4.0': 4.0.0-4.0.0-beta.5
      '@girs/gdkpixbuf-2.0': 2.0.0-4.0.0-beta.5
      '@girs/gio-2.0': 2.80.0-4.0.0-beta.5
      '@girs/gjs': 4.0.0-beta.5
      '@girs/glib-2.0': 2.80.0-4.0.0-beta.5
      '@girs/gmodule-2.0': 2.0.0-4.0.0-beta.5
      '@girs/gobject-2.0': 2.80.0-4.0.0-beta.5
      '@girs/graphene-1.0': 1.0.0-4.0.0-beta.5
      '@girs/gsk-4.0': 4.0.0-4.0.0-beta.5
      '@girs/gtk-4.0': 4.14.3-4.0.0-beta.5
      '@girs/harfbuzz-0.0': 8.3.1-4.0.0-beta.5
      '@girs/pango-1.0': 1.52.2-4.0.0-beta.5
      '@girs/pangocairo-1.0': 1.0.0-4.0.0-beta.5

  '@girs/st-14@14.0.0-4.0.0-beta.5':
    dependencies:
      '@girs/atk-1.0': 2.52.0-4.0.0-beta.5
      '@girs/cairo-1.0': 1.0.0-4.0.0-beta.5
      '@girs/cally-14': 14.0.0-4.0.0-beta.5
      '@girs/clutter-14': 14.0.0-4.0.0-beta.5
      '@girs/cogl-14': 14.0.0-4.0.0-beta.5
      '@girs/coglpango-14': 14.0.0-4.0.0-beta.5
      '@girs/freetype2-2.0': 2.0.0-4.0.0-beta.5
      '@girs/gdesktopenums-3.0': 3.0.0-4.0.0-beta.5
      '@girs/gdkpixbuf-2.0': 2.0.0-4.0.0-beta.5
      '@girs/gio-2.0': 2.80.0-4.0.0-beta.5
      '@girs/gjs': 4.0.0-beta.5
      '@girs/gl-1.0': 1.0.0-4.0.0-beta.5
      '@girs/glib-2.0': 2.80.0-4.0.0-beta.5
      '@girs/gmodule-2.0': 2.0.0-4.0.0-beta.5
      '@girs/gobject-2.0': 2.80.0-4.0.0-beta.5
      '@girs/graphene-1.0': 1.0.0-4.0.0-beta.5
      '@girs/harfbuzz-0.0': 8.3.1-4.0.0-beta.5
      '@girs/meta-14': 14.0.0-4.0.0-beta.5
      '@girs/mtk-14': 14.0.0-4.0.0-beta.5
      '@girs/pango-1.0': 1.52.2-4.0.0-beta.5
      '@girs/pangocairo-1.0': 1.0.0-4.0.0-beta.5
      '@girs/xfixes-4.0': 4.0.0-4.0.0-beta.5
      '@girs/xlib-2.0': 2.0.0-4.0.0-beta.5

  '@girs/upowerglib-1.0@1.90.2-4.0.0-beta.4':
    dependencies:
      '@girs/gio-2.0': 2.80.0-4.0.0-beta.5
      '@girs/gjs': 4.0.0-beta.5
      '@girs/glib-2.0': 2.80.0-4.0.0-beta.5
      '@girs/gobject-2.0': 2.80.0-4.0.0-beta.5

  '@girs/xfixes-4.0@4.0.0-4.0.0-beta.5':
    dependencies:
      '@girs/gjs': 4.0.0-beta.5
      '@girs/gobject-2.0': 2.80.0-4.0.0-beta.5

  '@girs/xlib-2.0@2.0.0-4.0.0-beta.5':
    dependencies:
      '@girs/gjs': 4.0.0-beta.5
      '@girs/gobject-2.0': 2.80.0-4.0.0-beta.5

  '@jridgewell/gen-mapping@0.3.13':
    dependencies:
      '@jridgewell/sourcemap-codec': 1.5.5
      '@jridgewell/trace-mapping': 0.3.31

  '@jridgewell/resolve-uri@3.1.2': {}

  '@jridgewell/sourcemap-codec@1.4.15': {}

  '@jridgewell/sourcemap-codec@1.5.5': {}

  '@jridgewell/trace-mapping@0.3.31':
    dependencies:
      '@jridgewell/resolve-uri': 3.1.2
      '@jridgewell/sourcemap-codec': 1.4.15

  '@napi-rs/wasm-runtime@1.1.1':
    dependencies:
      '@emnapi/core': 1.8.1
      '@emnapi/runtime': 1.8.1
      '@tybys/wasm-util': 0.10.1
    optional: true

  '@oxc-project/types@0.110.0': {}

  '@quansync/fs@1.0.0':
    dependencies:
      quansync: 1.0.0

  '@rolldown/binding-android-arm64@1.0.0-rc.1':
    optional: true

  '@rolldown/binding-darwin-arm64@1.0.0-rc.1':
    optional: true

  '@rolldown/binding-darwin-x64@1.0.0-rc.1':
    optional: true

  '@rolldown/binding-freebsd-x64@1.0.0-rc.1':
    optional: true

  '@rolldown/binding-linux-arm-gnueabihf@1.0.0-rc.1':
    optional: true

  '@rolldown/binding-linux-arm64-gnu@1.0.0-rc.1':
    optional: true

  '@rolldown/binding-linux-arm64-musl@1.0.0-rc.1':
    optional: true

  '@rolldown/binding-linux-x64-gnu@1.0.0-rc.1':
    optional: true

  '@rolldown/binding-linux-x64-musl@1.0.0-rc.1':
    optional: true

  '@rolldown/binding-openharmony-arm64@1.0.0-rc.1':
    optional: true

  '@rolldown/binding-wasm32-wasi@1.0.0-rc.1':
    dependencies:
      '@napi-rs/wasm-runtime': 1.1.1
    optional: true

  '@rolldown/binding-win32-arm64-msvc@1.0.0-rc.1':
    optional: true

  '@rolldown/binding-win32-x64-msvc@1.0.0-rc.1':
    optional: true

  '@rolldown/pluginutils@1.0.0-rc.1': {}

  '@tybys/wasm-util@0.10.1':
    dependencies:
      tslib: 2.8.1
    optional: true

  '@types/estree@1.0.5': {}

  '@types/jsesc@2.5.1': {}

  '@types/node@25.2.0':
    dependencies:
      undici-types: 7.16.0

  ansis@4.2.0: {}

  ast-kit@3.0.0-beta.1:
    dependencies:
      '@babel/parser': 8.0.0-rc.1
      estree-walker: 3.0.3
      pathe: 2.0.3

  birpc@4.0.0: {}

  cac@6.7.14: {}

  defu@6.1.4: {}

  dts-resolver@2.1.3: {}

  empathic@2.0.0: {}

  estree-walker@3.0.3:
    dependencies:
      '@types/estree': 1.0.5

  fdir@6.5.0(picomatch@4.0.3):
    optionalDependencies:
      picomatch: 4.0.3

  get-tsconfig@4.13.1:
    dependencies:
      resolve-pkg-maps: 1.0.0

  hookable@6.0.1: {}

  import-without-cache@0.2.5: {}

  jsesc@3.1.0: {}

  obug@2.1.1: {}

  pathe@2.0.3: {}

  picomatch@4.0.3: {}

  quansync@1.0.0: {}

  resolve-pkg-maps@1.0.0: {}

  rolldown-plugin-dts@0.21.9(rolldown@1.0.0-rc.1)(typescript@5.4.5):
    dependencies:
      '@babel/generator': 8.0.0-rc.1
      '@babel/parser': 8.0.0-rc.1
      '@babel/types': 8.0.0-rc.1
      ast-kit: 3.0.0-beta.1
      birpc: 4.0.0
      dts-resolver: 2.1.3
      get-tsconfig: 4.13.1
      obug: 2.1.1
      rolldown: 1.0.0-rc.1
    optionalDependencies:
      typescript: 5.4.5
    transitivePeerDependencies:
      - oxc-resolver

  rolldown@1.0.0-rc.1:
    dependencies:
      '@oxc-project/types': 0.110.0
      '@rolldown/pluginutils': 1.0.0-rc.1
    optionalDependencies:
      '@rolldown/binding-android-arm64': 1.0.0-rc.1
      '@rolldown/binding-darwin-arm64': 1.0.0-rc.1
      '@rolldown/binding-darwin-x64': 1.0.0-rc.1
      '@rolldown/binding-freebsd-x64': 1.0.0-rc.1
      '@rolldown/binding-linux-arm-gnueabihf': 1.0.0-rc.1
      '@rolldown/binding-linux-arm64-gnu': 1.0.0-rc.1
      '@rolldown/binding-linux-arm64-musl': 1.0.0-rc.1
      '@rolldown/binding-linux-x64-gnu': 1.0.0-rc.1
      '@rolldown/binding-linux-x64-musl': 1.0.0-rc.1
      '@rolldown/binding-openharmony-arm64': 1.0.0-rc.1
      '@rolldown/binding-wasm32-wasi': 1.0.0-rc.1
      '@rolldown/binding-win32-arm64-msvc': 1.0.0-rc.1
      '@rolldown/binding-win32-x64-msvc': 1.0.0-rc.1

  semver@7.7.3: {}

  tinyexec@1.0.2: {}

  tinyglobby@0.2.15:
    dependencies:
      fdir: 6.5.0(picomatch@4.0.3)
      picomatch: 4.0.3

  tree-kill@1.2.2: {}

  tsdown@0.20.1(typescript@5.4.5):
    dependencies:
      ansis: 4.2.0
      cac: 6.7.14
      defu: 6.1.4
      empathic: 2.0.0
      hookable: 6.0.1
      import-without-cache: 0.2.5
      obug: 2.1.1
      picomatch: 4.0.3
      rolldown: 1.0.0-rc.1
      rolldown-plugin-dts: 0.21.9(rolldown@1.0.0-rc.1)(typescript@5.4.5)
      semver: 7.7.3
      tinyexec: 1.0.2
      tinyglobby: 0.2.15
      tree-kill: 1.2.2
      unconfig-core: 7.4.2
      unrun: 0.2.26
    optionalDependencies:
      typescript: 5.4.5
    transitivePeerDependencies:
      - '@ts-macro/tsc'
      - '@typescript/native-preview'
      - oxc-resolver
      - synckit
      - vue-tsc

  tslib@2.8.1:
    optional: true

  typescript@5.4.5: {}

  unconfig-core@7.4.2:
    dependencies:
      '@quansync/fs': 1.0.0
      quansync: 1.0.0

  undici-types@7.16.0: {}

  unrun@0.2.26:
    dependencies:
      rolldown: 1.0.0-rc.1
